
Microsoft Visual Studio Solution File, Format Version 12.00
# Visual Studio Version 17
VisualStudioVersion = 17.9.34728.123
MinimumVisualStudioVersion = 10.0.40219.1
Project("{FAE04EC0-301F-11D3-BF4B-00C04F79EFBC}") = "cacullator v2", "cacullator v2\cacullator v2.csproj", "{AAD9D48C-BF7E-47A1-B225-E418E2CDFF40}"
EndProject
Global
	GlobalSection(SolutionConfigurationPlatforms) = preSolution
		Debug|Any CPU = Debug|Any CPU
		Release|Any CPU = Release|Any CPU
	EndGlobalSection
	GlobalSection(ProjectConfigurationPlatforms) = postSolution
		{AAD9D48C-BF7E-47A1-B225-E418E2CDFF40}.Debug|Any CPU.ActiveCfg = Debug|Any CPU
		{AAD9D48C-BF7E-47A1-B225-E418E2CDFF40}.Debug|Any CPU.Build.0 = Debug|Any CPU
		{AAD9D48C-BF7E-47A1-B225-E418E2CDFF40}.Release|Any CPU.ActiveCfg = Release|Any CPU
		{AAD9D48C-BF7E-47A1-B225-E418E2CDFF40}.Release|Any CPU.Build.0 = Release|Any CPU
	EndGlobalSection
	GlobalSection(SolutionProperties) = preSolution
		HideSolutionNode = FALSE
	EndGlobalSection
	GlobalSection(ExtensibilityGlobals) = postSolution
		SolutionGuid = {0DBCF401-7477-438E-969B-9E9CB4375A75}
	EndGlobalSection
EndGlobal
